// !$*UTF8*$!
{
	archiveVersion = 1;
	classes = {
	};
	objectVersion = 56;
	objects = {

/* Begin PBXBuildFile section */
		241C59CB29C3873F00F744A1 /* TicTacToeAppApp.swift in Sources */ = {isa = PBXBuildFile; fileRef = 241C59CA29C3873F00F744A1 /* TicTacToeAppApp.swift */; };
		241C59CF29C3874000F744A1 /* Assets.xcassets in Resources */ = {isa = PBXBuildFile; fileRef = 241C59CE29C3874000F744A1 /* Assets.xcassets */; };
		241C59D229C3874000F744A1 /* Preview Assets.xcassets in Resources */ = {isa = PBXBuildFile; fileRef = 241C59D129C3874000F744A1 /* Preview Assets.xcassets */; };
		241FBE362A027871005F461C /* Cyberpunk.ttf in Resources */ = {isa = PBXBuildFile; fileRef = 241FBE342A027871005F461C /* Cyberpunk.ttf */; };
		241FBE3C2A027BA2005F461C /* SYNNova-Light.otf in Resources */ = {isa = PBXBuildFile; fileRef = 241FBE372A027BA2005F461C /* SYNNova-Light.otf */; };
		241FBE3E2A027BA2005F461C /* SYNNova-Normal.otf in Resources */ = {isa = PBXBuildFile; fileRef = 241FBE392A027BA2005F461C /* SYNNova-Normal.otf */; };
		241FBE3F2A027BA2005F461C /* SYNNova-Regular.otf in Resources */ = {isa = PBXBuildFile; fileRef = 241FBE3A2A027BA2005F461C /* SYNNova-Regular.otf */; };
		241FBE402A027BA2005F461C /* SYNNova-ExtraLight.otf in Resources */ = {isa = PBXBuildFile; fileRef = 241FBE3B2A027BA2005F461C /* SYNNova-ExtraLight.otf */; };
		241FBE422A027C62005F461C /* DisketMonoRegular.ttf in Resources */ = {isa = PBXBuildFile; fileRef = 241FBE412A027C62005F461C /* DisketMonoRegular.ttf */; };
		245073782A8257FD0074416D /* WinnerViewModel.swift in Sources */ = {isa = PBXBuildFile; fileRef = 245073772A8257FD0074416D /* WinnerViewModel.swift */; };
		2450737B2A8258490074416D /* StorageService.swift in Sources */ = {isa = PBXBuildFile; fileRef = 2450737A2A8258490074416D /* StorageService.swift */; };
		245073812A826F730074416D /* Localizable.strings in Resources */ = {isa = PBXBuildFile; fileRef = 245073832A826F730074416D /* Localizable.strings */; };
		245073862A8270400074416D /* String+Ext.swift in Sources */ = {isa = PBXBuildFile; fileRef = 245073852A8270400074416D /* String+Ext.swift */; };
		245E134B2A37BD6200C4B58B /* Resources.swift in Sources */ = {isa = PBXBuildFile; fileRef = 245E134A2A37BD6200C4B58B /* Resources.swift */; };
		248999BA29C4DA2200DBE791 /* EmptyCellView.swift in Sources */ = {isa = PBXBuildFile; fileRef = 248999B929C4DA2200DBE791 /* EmptyCellView.swift */; };
		248999BC29C4DB0100DBE791 /* PlayerIndicatorView.swift in Sources */ = {isa = PBXBuildFile; fileRef = 248999BB29C4DB0100DBE791 /* PlayerIndicatorView.swift */; };
		24A81E6D2A3A23ED005FD85D /* GameDefinitionView.swift in Sources */ = {isa = PBXBuildFile; fileRef = 24A81E6C2A3A23ED005FD85D /* GameDefinitionView.swift */; };
		24A81E6F2A3A2697005FD85D /* DefinitionComplexityView.swift in Sources */ = {isa = PBXBuildFile; fileRef = 24A81E6E2A3A2697005FD85D /* DefinitionComplexityView.swift */; };
		24A81E712A3A2875005FD85D /* HeadButtonsView.swift in Sources */ = {isa = PBXBuildFile; fileRef = 24A81E702A3A2875005FD85D /* HeadButtonsView.swift */; };
		24A81E752A3A2A9D005FD85D /* GameBoardView.swift in Sources */ = {isa = PBXBuildFile; fileRef = 24A81E742A3A2A9D005FD85D /* GameBoardView.swift */; };
		24A81E772A3A2F64005FD85D /* TurnView.swift in Sources */ = {isa = PBXBuildFile; fileRef = 24A81E762A3A2F64005FD85D /* TurnView.swift */; };
		24A81E792A3A2FCD005FD85D /* WinRatesView.swift in Sources */ = {isa = PBXBuildFile; fileRef = 24A81E782A3A2FCD005FD85D /* WinRatesView.swift */; };
		24A81E7B2A3A3043005FD85D /* AIStatusView.swift in Sources */ = {isa = PBXBuildFile; fileRef = 24A81E7A2A3A3043005FD85D /* AIStatusView.swift */; };
		24A81E802A3A38A3005FD85D /* AlertContext.swift in Sources */ = {isa = PBXBuildFile; fileRef = 24A81E7F2A3A38A3005FD85D /* AlertContext.swift */; };
		24A81E862A3A4363005FD85D /* AlertButtonsView.swift in Sources */ = {isa = PBXBuildFile; fileRef = 24A81E852A3A4363005FD85D /* AlertButtonsView.swift */; };
		24C299082A3395E000E2ED2C /* Marske.ttf in Resources */ = {isa = PBXBuildFile; fileRef = 24C299072A3395E000E2ED2C /* Marske.ttf */; };
		24C2990E2A3396C900E2ED2C /* NewZelek.ttf in Resources */ = {isa = PBXBuildFile; fileRef = 24C2990D2A3396C900E2ED2C /* NewZelek.ttf */; };
		24C299122A339E6800E2ED2C /* WinnerView.swift in Sources */ = {isa = PBXBuildFile; fileRef = 24C299112A339E6800E2ED2C /* WinnerView.swift */; };
		24CAFED02A815B650079D947 /* InfoView.swift in Sources */ = {isa = PBXBuildFile; fileRef = 24CAFECF2A815B650079D947 /* InfoView.swift */; };
		24CAFED32A8169FE0079D947 /* RecordView.swift in Sources */ = {isa = PBXBuildFile; fileRef = 24CAFED22A8169FE0079D947 /* RecordView.swift */; };
		24CAFED62A81A5B70079D947 /* RecordCellView.swift in Sources */ = {isa = PBXBuildFile; fileRef = 24CAFED52A81A5B70079D947 /* RecordCellView.swift */; };
		24CAFED92A81C2F40079D947 /* Date+Ext.swift in Sources */ = {isa = PBXBuildFile; fileRef = 24CAFED82A81C2F40079D947 /* Date+Ext.swift */; };
		24CAFEDB2A81C8280079D947 /* RecordModel.swift in Sources */ = {isa = PBXBuildFile; fileRef = 24CAFEDA2A81C8280079D947 /* RecordModel.swift */; };
		24CAFEDD2A81C84F0079D947 /* RecordViewModel.swift in Sources */ = {isa = PBXBuildFile; fileRef = 24CAFEDC2A81C84F0079D947 /* RecordViewModel.swift */; };
		24D9864D29CA0C0100F75393 /* StartView.swift in Sources */ = {isa = PBXBuildFile; fileRef = 24D9864C29CA0C0100F75393 /* StartView.swift */; };
		24D9864F29CA118700F75393 /* StartModel.swift in Sources */ = {isa = PBXBuildFile; fileRef = 24D9864E29CA118700F75393 /* StartModel.swift */; };
		24D9865129CA119200F75393 /* StartViewModel.swift in Sources */ = {isa = PBXBuildFile; fileRef = 24D9865029CA119200F75393 /* StartViewModel.swift */; };
		24D9865529CA5EAF00F75393 /* GoButtonView.swift in Sources */ = {isa = PBXBuildFile; fileRef = 24D9865429CA5EAF00F75393 /* GoButtonView.swift */; };
		24DD6C7D2A375AC50057CC86 /* ArtificialIntelligence.swift in Sources */ = {isa = PBXBuildFile; fileRef = 24DD6C7C2A375AC50057CC86 /* ArtificialIntelligence.swift */; };
		24DD6C7F2A377FCC0057CC86 /* AlertModel.swift in Sources */ = {isa = PBXBuildFile; fileRef = 24DD6C7E2A377FCC0057CC86 /* AlertModel.swift */; };
		24F2F90B29C3955800B0D895 /* GameView.swift in Sources */ = {isa = PBXBuildFile; fileRef = 24F2F90A29C3955800B0D895 /* GameView.swift */; };
		24F2F90D29C3956300B0D895 /* GameViewModel.swift in Sources */ = {isa = PBXBuildFile; fileRef = 24F2F90C29C3956300B0D895 /* GameViewModel.swift */; };
		24F2F90F29C3956F00B0D895 /* GameModel.swift in Sources */ = {isa = PBXBuildFile; fileRef = 24F2F90E29C3956F00B0D895 /* GameModel.swift */; };
		24F2F91429C39C0700B0D895 /* RhombusShape.swift in Sources */ = {isa = PBXBuildFile; fileRef = 24F2F91329C39C0700B0D895 /* RhombusShape.swift */; };
		24F2F91629C39CCD00B0D895 /* CrossCustomView.swift in Sources */ = {isa = PBXBuildFile; fileRef = 24F2F91529C39CCD00B0D895 /* CrossCustomView.swift */; };
		24F2F91829C3A01800B0D895 /* GridView.swift in Sources */ = {isa = PBXBuildFile; fileRef = 24F2F91729C3A01800B0D895 /* GridView.swift */; };
		24F2F91A29C3AB6800B0D895 /* CircleCustomView.swift in Sources */ = {isa = PBXBuildFile; fileRef = 24F2F91929C3AB6800B0D895 /* CircleCustomView.swift */; };
		24F6842A2A3B939500AFEDCD /* ReactionService.swift in Sources */ = {isa = PBXBuildFile; fileRef = 24F684292A3B939500AFEDCD /* ReactionService.swift */; };
/* End PBXBuildFile section */

/* Begin PBXFileReference section */
		241C59C729C3873F00F744A1 /* TicTacToeApp.app */ = {isa = PBXFileReference; explicitFileType = wrapper.application; includeInIndex = 0; path = TicTacToeApp.app; sourceTree = BUILT_PRODUCTS_DIR; };
		241C59CA29C3873F00F744A1 /* TicTacToeAppApp.swift */ = {isa = PBXFileReference; lastKnownFileType = sourcecode.swift; path = TicTacToeAppApp.swift; sourceTree = "<group>"; };
		241C59CE29C3874000F744A1 /* Assets.xcassets */ = {isa = PBXFileReference; lastKnownFileType = folder.assetcatalog; path = Assets.xcassets; sourceTree = "<group>"; };
		241C59D129C3874000F744A1 /* Preview Assets.xcassets */ = {isa = PBXFileReference; lastKnownFileType = folder.assetcatalog; path = "Preview Assets.xcassets"; sourceTree = "<group>"; };
		241FBE342A027871005F461C /* Cyberpunk.ttf */ = {isa = PBXFileReference; lastKnownFileType = file; path = Cyberpunk.ttf; sourceTree = "<group>"; };
		241FBE372A027BA2005F461C /* SYNNova-Light.otf */ = {isa = PBXFileReference; lastKnownFileType = file; path = "SYNNova-Light.otf"; sourceTree = "<group>"; };
		241FBE392A027BA2005F461C /* SYNNova-Normal.otf */ = {isa = PBXFileReference; lastKnownFileType = file; path = "SYNNova-Normal.otf"; sourceTree = "<group>"; };
		241FBE3A2A027BA2005F461C /* SYNNova-Regular.otf */ = {isa = PBXFileReference; lastKnownFileType = file; path = "SYNNova-Regular.otf"; sourceTree = "<group>"; };
		241FBE3B2A027BA2005F461C /* SYNNova-ExtraLight.otf */ = {isa = PBXFileReference; lastKnownFileType = file; path = "SYNNova-ExtraLight.otf"; sourceTree = "<group>"; };
		241FBE412A027C62005F461C /* DisketMonoRegular.ttf */ = {isa = PBXFileReference; lastKnownFileType = file; path = DisketMonoRegular.ttf; sourceTree = "<group>"; };
		245073772A8257FD0074416D /* WinnerViewModel.swift */ = {isa = PBXFileReference; lastKnownFileType = sourcecode.swift; path = WinnerViewModel.swift; sourceTree = "<group>"; };
		2450737A2A8258490074416D /* StorageService.swift */ = {isa = PBXFileReference; lastKnownFileType = sourcecode.swift; path = StorageService.swift; sourceTree = "<group>"; };
		245073822A826F730074416D /* en */ = {isa = PBXFileReference; lastKnownFileType = text.plist.strings; name = en; path = en.lproj/Localizable.strings; sourceTree = "<group>"; };
		245073842A826F770074416D /* ru */ = {isa = PBXFileReference; lastKnownFileType = text.plist.strings; name = ru; path = ru.lproj/Localizable.strings; sourceTree = "<group>"; };
		245073852A8270400074416D /* String+Ext.swift */ = {isa = PBXFileReference; lastKnownFileType = sourcecode.swift; path = "String+Ext.swift"; sourceTree = "<group>"; };
		245E134A2A37BD6200C4B58B /* Resources.swift */ = {isa = PBXFileReference; lastKnownFileType = sourcecode.swift; path = Resources.swift; sourceTree = "<group>"; };
		248999B929C4DA2200DBE791 /* EmptyCellView.swift */ = {isa = PBXFileReference; lastKnownFileType = sourcecode.swift; path = EmptyCellView.swift; sourceTree = "<group>"; };
		248999BB29C4DB0100DBE791 /* PlayerIndicatorView.swift */ = {isa = PBXFileReference; lastKnownFileType = sourcecode.swift; path = PlayerIndicatorView.swift; sourceTree = "<group>"; };
		248999BD29C4EA1E00DBE791 /* Info.plist */ = {isa = PBXFileReference; lastKnownFileType = text.plist.xml; path = Info.plist; sourceTree = "<group>"; };
		24A81E6C2A3A23ED005FD85D /* GameDefinitionView.swift */ = {isa = PBXFileReference; lastKnownFileType = sourcecode.swift; path = GameDefinitionView.swift; sourceTree = "<group>"; };
		24A81E6E2A3A2697005FD85D /* DefinitionComplexityView.swift */ = {isa = PBXFileReference; lastKnownFileType = sourcecode.swift; path = DefinitionComplexityView.swift; sourceTree = "<group>"; };
		24A81E702A3A2875005FD85D /* HeadButtonsView.swift */ = {isa = PBXFileReference; lastKnownFileType = sourcecode.swift; path = HeadButtonsView.swift; sourceTree = "<group>"; };
		24A81E742A3A2A9D005FD85D /* GameBoardView.swift */ = {isa = PBXFileReference; lastKnownFileType = sourcecode.swift; path = GameBoardView.swift; sourceTree = "<group>"; };
		24A81E762A3A2F64005FD85D /* TurnView.swift */ = {isa = PBXFileReference; lastKnownFileType = sourcecode.swift; path = TurnView.swift; sourceTree = "<group>"; };
		24A81E782A3A2FCD005FD85D /* WinRatesView.swift */ = {isa = PBXFileReference; lastKnownFileType = sourcecode.swift; path = WinRatesView.swift; sourceTree = "<group>"; };
		24A81E7A2A3A3043005FD85D /* AIStatusView.swift */ = {isa = PBXFileReference; lastKnownFileType = sourcecode.swift; path = AIStatusView.swift; sourceTree = "<group>"; };
		24A81E7F2A3A38A3005FD85D /* AlertContext.swift */ = {isa = PBXFileReference; lastKnownFileType = sourcecode.swift; path = AlertContext.swift; sourceTree = "<group>"; };
		24A81E852A3A4363005FD85D /* AlertButtonsView.swift */ = {isa = PBXFileReference; lastKnownFileType = sourcecode.swift; path = AlertButtonsView.swift; sourceTree = "<group>"; };
		24C299072A3395E000E2ED2C /* Marske.ttf */ = {isa = PBXFileReference; lastKnownFileType = file; path = Marske.ttf; sourceTree = "<group>"; };
		24C2990D2A3396C900E2ED2C /* NewZelek.ttf */ = {isa = PBXFileReference; lastKnownFileType = file; path = NewZelek.ttf; sourceTree = "<group>"; };
		24C299112A339E6800E2ED2C /* WinnerView.swift */ = {isa = PBXFileReference; lastKnownFileType = sourcecode.swift; path = WinnerView.swift; sourceTree = "<group>"; };
		24CAFECF2A815B650079D947 /* InfoView.swift */ = {isa = PBXFileReference; lastKnownFileType = sourcecode.swift; path = InfoView.swift; sourceTree = "<group>"; };
		24CAFED22A8169FE0079D947 /* RecordView.swift */ = {isa = PBXFileReference; lastKnownFileType = sourcecode.swift; path = RecordView.swift; sourceTree = "<group>"; };
		24CAFED52A81A5B70079D947 /* RecordCellView.swift */ = {isa = PBXFileReference; lastKnownFileType = sourcecode.swift; path = RecordCellView.swift; sourceTree = "<group>"; };
		24CAFED82A81C2F40079D947 /* Date+Ext.swift */ = {isa = PBXFileReference; lastKnownFileType = sourcecode.swift; path = "Date+Ext.swift"; sourceTree = "<group>"; };
		24CAFEDA2A81C8280079D947 /* RecordModel.swift */ = {isa = PBXFileReference; lastKnownFileType = sourcecode.swift; path = RecordModel.swift; sourceTree = "<group>"; };
		24CAFEDC2A81C84F0079D947 /* RecordViewModel.swift */ = {isa = PBXFileReference; lastKnownFileType = sourcecode.swift; path = RecordViewModel.swift; sourceTree = "<group>"; };
		24D9864C29CA0C0100F75393 /* StartView.swift */ = {isa = PBXFileReference; lastKnownFileType = sourcecode.swift; path = StartView.swift; sourceTree = "<group>"; };
		24D9864E29CA118700F75393 /* StartModel.swift */ = {isa = PBXFileReference; lastKnownFileType = sourcecode.swift; path = StartModel.swift; sourceTree = "<group>"; };
		24D9865029CA119200F75393 /* StartViewModel.swift */ = {isa = PBXFileReference; lastKnownFileType = sourcecode.swift; path = StartViewModel.swift; sourceTree = "<group>"; };
		24D9865429CA5EAF00F75393 /* GoButtonView.swift */ = {isa = PBXFileReference; lastKnownFileType = sourcecode.swift; path = GoButtonView.swift; sourceTree = "<group>"; };
		24DD6C7C2A375AC50057CC86 /* ArtificialIntelligence.swift */ = {isa = PBXFileReference; lastKnownFileType = sourcecode.swift; path = ArtificialIntelligence.swift; sourceTree = "<group>"; };
		24DD6C7E2A377FCC0057CC86 /* AlertModel.swift */ = {isa = PBXFileReference; lastKnownFileType = sourcecode.swift; path = AlertModel.swift; sourceTree = "<group>"; };
		24F2F90A29C3955800B0D895 /* GameView.swift */ = {isa = PBXFileReference; lastKnownFileType = sourcecode.swift; path = GameView.swift; sourceTree = "<group>"; };
		24F2F90C29C3956300B0D895 /* GameViewModel.swift */ = {isa = PBXFileReference; lastKnownFileType = sourcecode.swift; path = GameViewModel.swift; sourceTree = "<group>"; };
		24F2F90E29C3956F00B0D895 /* GameModel.swift */ = {isa = PBXFileReference; lastKnownFileType = sourcecode.swift; path = GameModel.swift; sourceTree = "<group>"; };
		24F2F91329C39C0700B0D895 /* RhombusShape.swift */ = {isa = PBXFileReference; lastKnownFileType = sourcecode.swift; path = RhombusShape.swift; sourceTree = "<group>"; };
		24F2F91529C39CCD00B0D895 /* CrossCustomView.swift */ = {isa = PBXFileReference; lastKnownFileType = sourcecode.swift; path = CrossCustomView.swift; sourceTree = "<group>"; };
		24F2F91729C3A01800B0D895 /* GridView.swift */ = {isa = PBXFileReference; lastKnownFileType = sourcecode.swift; path = GridView.swift; sourceTree = "<group>"; };
		24F2F91929C3AB6800B0D895 /* CircleCustomView.swift */ = {isa = PBXFileReference; lastKnownFileType = sourcecode.swift; path = CircleCustomView.swift; sourceTree = "<group>"; };
		24F684292A3B939500AFEDCD /* ReactionService.swift */ = {isa = PBXFileReference; lastKnownFileType = sourcecode.swift; path = ReactionService.swift; sourceTree = "<group>"; };
/* End PBXFileReference section */

/* Begin PBXFrameworksBuildPhase section */
		241C59C429C3873F00F744A1 /* Frameworks */ = {
			isa = PBXFrameworksBuildPhase;
			buildActionMask = 2147483647;
			files = (
			);
			runOnlyForDeploymentPostprocessing = 0;
		};
/* End PBXFrameworksBuildPhase section */

/* Begin PBXGroup section */
		241C59BE29C3873F00F744A1 = {
			isa = PBXGroup;
			children = (
				241C59CA29C3873F00F744A1 /* TicTacToeAppApp.swift */,
				241C59C929C3873F00F744A1 /* TicTacToeApp */,
				241C59C829C3873F00F744A1 /* Products */,
			);
			sourceTree = "<group>";
		};
		241C59C829C3873F00F744A1 /* Products */ = {
			isa = PBXGroup;
			children = (
				241C59C729C3873F00F744A1 /* TicTacToeApp.app */,
			);
			name = Products;
			sourceTree = "<group>";
		};
		241C59C929C3873F00F744A1 /* TicTacToeApp */ = {
			isa = PBXGroup;
			children = (
				24CAFECA2A815A860079D947 /* Core */,
				24DD6C7B2A375A6B0057CC86 /* Services */,
				24CAFED72A81C2E50079D947 /* Extension */,
				2450737C2A826F0C0074416D /* Localize */,
				248999BE29C4EA8900DBE791 /* SupportingFiles */,
				241C59D029C3874000F744A1 /* Preview Content */,
			);
			path = TicTacToeApp;
			sourceTree = "<group>";
		};
		241C59D029C3874000F744A1 /* Preview Content */ = {
			isa = PBXGroup;
			children = (
				241C59D129C3874000F744A1 /* Preview Assets.xcassets */,
			);
			path = "Preview Content";
			sourceTree = "<group>";
		};
		241C59D829C388E700F744A1 /* Game */ = {
			isa = PBXGroup;
			children = (
				24DD6C7A2A3754290057CC86 /* SubView */,
				24A81E7E2A3A3837005FD85D /* Alerts */,
				24F2F90E29C3956F00B0D895 /* GameModel.swift */,
				24F2F90C29C3956300B0D895 /* GameViewModel.swift */,
				24F2F90A29C3955800B0D895 /* GameView.swift */,
			);
			path = Game;
			sourceTree = "<group>";
		};
		241FBE322A02785D005F461C /* Fonts */ = {
			isa = PBXGroup;
			children = (
				24C2990D2A3396C900E2ED2C /* NewZelek.ttf */,
				24C299072A3395E000E2ED2C /* Marske.ttf */,
				241FBE412A027C62005F461C /* DisketMonoRegular.ttf */,
				241FBE3B2A027BA2005F461C /* SYNNova-ExtraLight.otf */,
				241FBE372A027BA2005F461C /* SYNNova-Light.otf */,
				241FBE392A027BA2005F461C /* SYNNova-Normal.otf */,
				241FBE3A2A027BA2005F461C /* SYNNova-Regular.otf */,
				241FBE342A027871005F461C /* Cyberpunk.ttf */,
			);
			path = Fonts;
			sourceTree = "<group>";
		};
		245073792A82583B0074416D /* Storage */ = {
			isa = PBXGroup;
			children = (
				2450737A2A8258490074416D /* StorageService.swift */,
			);
			path = Storage;
			sourceTree = "<group>";
		};
		2450737C2A826F0C0074416D /* Localize */ = {
			isa = PBXGroup;
			children = (
				245073832A826F730074416D /* Localizable.strings */,
			);
			path = Localize;
			sourceTree = "<group>";
		};
		248999BE29C4EA8900DBE791 /* SupportingFiles */ = {
			isa = PBXGroup;
			children = (
				245E134A2A37BD6200C4B58B /* Resources.swift */,
				241FBE322A02785D005F461C /* Fonts */,
				241C59CE29C3874000F744A1 /* Assets.xcassets */,
				248999BD29C4EA1E00DBE791 /* Info.plist */,
			);
			path = SupportingFiles;
			sourceTree = "<group>";
		};
		24A81E7E2A3A3837005FD85D /* Alerts */ = {
			isa = PBXGroup;
			children = (
				24DD6C7E2A377FCC0057CC86 /* AlertModel.swift */,
				24A81E7F2A3A38A3005FD85D /* AlertContext.swift */,
				24A81E852A3A4363005FD85D /* AlertButtonsView.swift */,
			);
			path = Alerts;
			sourceTree = "<group>";
		};
		24A81E872A3A46F3005FD85D /* BoardView */ = {
			isa = PBXGroup;
			children = (
				24F2F91729C3A01800B0D895 /* GridView.swift */,
				248999B929C4DA2200DBE791 /* EmptyCellView.swift */,
				248999BB29C4DB0100DBE791 /* PlayerIndicatorView.swift */,
			);
			path = BoardView;
			sourceTree = "<group>";
		};
		24C299142A33C0BE00E2ED2C /* Winner */ = {
			isa = PBXGroup;
			children = (
				245073772A8257FD0074416D /* WinnerViewModel.swift */,
				24C299112A339E6800E2ED2C /* WinnerView.swift */,
			);
			path = Winner;
			sourceTree = "<group>";
		};
		24CAFECA2A815A860079D947 /* Core */ = {
			isa = PBXGroup;
			children = (
				24CAFECB2A815A910079D947 /* Module */,
				24F2F91029C39A7900B0D895 /* Custom */,
			);
			path = Core;
			sourceTree = "<group>";
		};
		24CAFECB2A815A910079D947 /* Module */ = {
			isa = PBXGroup;
			children = (
				24D9864B29CA0BEE00F75393 /* Start */,
				241C59D829C388E700F744A1 /* Game */,
				24C299142A33C0BE00E2ED2C /* Winner */,
				24CAFECE2A815B4D0079D947 /* Info */,
				24CAFED12A8169DD0079D947 /* Record */,
			);
			path = Module;
			sourceTree = "<group>";
		};
		24CAFECC2A815AE40079D947 /* AI */ = {
			isa = PBXGroup;
			children = (
				24DD6C7C2A375AC50057CC86 /* ArtificialIntelligence.swift */,
			);
			path = AI;
			sourceTree = "<group>";
		};
		24CAFECD2A815AEC0079D947 /* Reaction */ = {
			isa = PBXGroup;
			children = (
				24F684292A3B939500AFEDCD /* ReactionService.swift */,
			);
			path = Reaction;
			sourceTree = "<group>";
		};
		24CAFECE2A815B4D0079D947 /* Info */ = {
			isa = PBXGroup;
			children = (
				24CAFECF2A815B650079D947 /* InfoView.swift */,
			);
			path = Info;
			sourceTree = "<group>";
		};
		24CAFED12A8169DD0079D947 /* Record */ = {
			isa = PBXGroup;
			children = (
				24CAFED42A81A3A50079D947 /* Cell */,
				24CAFEDA2A81C8280079D947 /* RecordModel.swift */,
				24CAFED22A8169FE0079D947 /* RecordView.swift */,
				24CAFEDC2A81C84F0079D947 /* RecordViewModel.swift */,
			);
			path = Record;
			sourceTree = "<group>";
		};
		24CAFED42A81A3A50079D947 /* Cell */ = {
			isa = PBXGroup;
			children = (
				24CAFED52A81A5B70079D947 /* RecordCellView.swift */,
			);
			path = Cell;
			sourceTree = "<group>";
		};
		24CAFED72A81C2E50079D947 /* Extension */ = {
			isa = PBXGroup;
			children = (
				245073852A8270400074416D /* String+Ext.swift */,
				24CAFED82A81C2F40079D947 /* Date+Ext.swift */,
			);
			path = Extension;
			sourceTree = "<group>";
		};
		24D9864B29CA0BEE00F75393 /* Start */ = {
			isa = PBXGroup;
			children = (
				24D9865229CA5DB300F75393 /* SubView */,
				24D9864E29CA118700F75393 /* StartModel.swift */,
				24D9865029CA119200F75393 /* StartViewModel.swift */,
				24D9864C29CA0C0100F75393 /* StartView.swift */,
			);
			path = Start;
			sourceTree = "<group>";
		};
		24D9865229CA5DB300F75393 /* SubView */ = {
			isa = PBXGroup;
			children = (
				24D9865429CA5EAF00F75393 /* GoButtonView.swift */,
				24A81E6C2A3A23ED005FD85D /* GameDefinitionView.swift */,
				24A81E6E2A3A2697005FD85D /* DefinitionComplexityView.swift */,
			);
			path = SubView;
			sourceTree = "<group>";
		};
		24DD6C7A2A3754290057CC86 /* SubView */ = {
			isa = PBXGroup;
			children = (
				24A81E872A3A46F3005FD85D /* BoardView */,
				24A81E702A3A2875005FD85D /* HeadButtonsView.swift */,
				24A81E742A3A2A9D005FD85D /* GameBoardView.swift */,
				24A81E762A3A2F64005FD85D /* TurnView.swift */,
				24A81E782A3A2FCD005FD85D /* WinRatesView.swift */,
				24A81E7A2A3A3043005FD85D /* AIStatusView.swift */,
			);
			path = SubView;
			sourceTree = "<group>";
		};
		24DD6C7B2A375A6B0057CC86 /* Services */ = {
			isa = PBXGroup;
			children = (
				24CAFECC2A815AE40079D947 /* AI */,
				245073792A82583B0074416D /* Storage */,
				24CAFECD2A815AEC0079D947 /* Reaction */,
			);
			path = Services;
			sourceTree = "<group>";
		};
		24F2F91029C39A7900B0D895 /* Custom */ = {
			isa = PBXGroup;
			children = (
				24F2F91129C39BB600B0D895 /* Views */,
				24F2F91229C39BE700B0D895 /* Shapes */,
			);
			path = Custom;
			sourceTree = "<group>";
		};
		24F2F91129C39BB600B0D895 /* Views */ = {
			isa = PBXGroup;
			children = (
				24F2F91529C39CCD00B0D895 /* CrossCustomView.swift */,
				24F2F91929C3AB6800B0D895 /* CircleCustomView.swift */,
			);
			path = Views;
			sourceTree = "<group>";
		};
		24F2F91229C39BE700B0D895 /* Shapes */ = {
			isa = PBXGroup;
			children = (
				24F2F91329C39C0700B0D895 /* RhombusShape.swift */,
			);
			path = Shapes;
			sourceTree = "<group>";
		};
/* End PBXGroup section */

/* Begin PBXNativeTarget section */
		241C59C629C3873F00F744A1 /* TicTacToeApp */ = {
			isa = PBXNativeTarget;
			buildConfigurationList = 241C59D529C3874000F744A1 /* Build configuration list for PBXNativeTarget "TicTacToeApp" */;
			buildPhases = (
				241C59C329C3873F00F744A1 /* Sources */,
				241C59C429C3873F00F744A1 /* Frameworks */,
				241C59C529C3873F00F744A1 /* Resources */,
			);
			buildRules = (
			);
			dependencies = (
			);
			name = TicTacToeApp;
			productName = TicTacToeApp;
			productReference = 241C59C729C3873F00F744A1 /* TicTacToeApp.app */;
			productType = "com.apple.product-type.application";
		};
/* End PBXNativeTarget section */

/* Begin PBXProject section */
		241C59BF29C3873F00F744A1 /* Project object */ = {
			isa = PBXProject;
			attributes = {
				BuildIndependentTargetsInParallel = 1;
				LastSwiftUpdateCheck = 1420;
				LastUpgradeCheck = 1420;
				TargetAttributes = {
					241C59C629C3873F00F744A1 = {
						CreatedOnToolsVersion = 14.2;
					};
				};
			};
			buildConfigurationList = 241C59C229C3873F00F744A1 /* Build configuration list for PBXProject "TicTacToeApp" */;
			compatibilityVersion = "Xcode 14.0";
			developmentRegion = en;
			hasScannedForEncodings = 0;
			knownRegions = (
				en,
				ru,
			);
			mainGroup = 241C59BE29C3873F00F744A1;
			productRefGroup = 241C59C829C3873F00F744A1 /* Products */;
			projectDirPath = "";
			projectRoot = "";
			targets = (
				241C59C629C3873F00F744A1 /* TicTacToeApp */,
			);
		};
/* End PBXProject section */

/* Begin PBXResourcesBuildPhase section */
		241C59C529C3873F00F744A1 /* Resources */ = {
			isa = PBXResourcesBuildPhase;
			buildActionMask = 2147483647;
			files = (
				241FBE422A027C62005F461C /* DisketMonoRegular.ttf in Resources */,
				24C299082A3395E000E2ED2C /* Marske.ttf in Resources */,
				245073812A826F730074416D /* Localizable.strings in Resources */,
				241FBE362A027871005F461C /* Cyberpunk.ttf in Resources */,
				241FBE402A027BA2005F461C /* SYNNova-ExtraLight.otf in Resources */,
				241C59D229C3874000F744A1 /* Preview Assets.xcassets in Resources */,
				241FBE3E2A027BA2005F461C /* SYNNova-Normal.otf in Resources */,
				241FBE3C2A027BA2005F461C /* SYNNova-Light.otf in Resources */,
				241C59CF29C3874000F744A1 /* Assets.xcassets in Resources */,
				24C2990E2A3396C900E2ED2C /* NewZelek.ttf in Resources */,
				241FBE3F2A027BA2005F461C /* SYNNova-Regular.otf in Resources */,
			);
			runOnlyForDeploymentPostprocessing = 0;
		};
/* End PBXResourcesBuildPhase section */

/* Begin PBXSourcesBuildPhase section */
		241C59C329C3873F00F744A1 /* Sources */ = {
			isa = PBXSourcesBuildPhase;
			buildActionMask = 2147483647;
			files = (
				24A81E772A3A2F64005FD85D /* TurnView.swift in Sources */,
				24D9865529CA5EAF00F75393 /* GoButtonView.swift in Sources */,
				24F2F91A29C3AB6800B0D895 /* CircleCustomView.swift in Sources */,
				24CAFED92A81C2F40079D947 /* Date+Ext.swift in Sources */,
				24DD6C7D2A375AC50057CC86 /* ArtificialIntelligence.swift in Sources */,
				24F2F90F29C3956F00B0D895 /* GameModel.swift in Sources */,
				24A81E6D2A3A23ED005FD85D /* GameDefinitionView.swift in Sources */,
				24D9864D29CA0C0100F75393 /* StartView.swift in Sources */,
				24A81E862A3A4363005FD85D /* AlertButtonsView.swift in Sources */,
				24F2F90D29C3956300B0D895 /* GameViewModel.swift in Sources */,
				24CAFED02A815B650079D947 /* InfoView.swift in Sources */,
				24A81E7B2A3A3043005FD85D /* AIStatusView.swift in Sources */,
				24F6842A2A3B939500AFEDCD /* ReactionService.swift in Sources */,
				24A81E6F2A3A2697005FD85D /* DefinitionComplexityView.swift in Sources */,
				24CAFED32A8169FE0079D947 /* RecordView.swift in Sources */,
				248999BC29C4DB0100DBE791 /* PlayerIndicatorView.swift in Sources */,
				245073782A8257FD0074416D /* WinnerViewModel.swift in Sources */,
				24F2F91429C39C0700B0D895 /* RhombusShape.swift in Sources */,
				24CAFEDD2A81C84F0079D947 /* RecordViewModel.swift in Sources */,
				24CAFED62A81A5B70079D947 /* RecordCellView.swift in Sources */,
				24D9865129CA119200F75393 /* StartViewModel.swift in Sources */,
				24C299122A339E6800E2ED2C /* WinnerView.swift in Sources */,
				245073862A8270400074416D /* String+Ext.swift in Sources */,
				24CAFEDB2A81C8280079D947 /* RecordModel.swift in Sources */,
				24DD6C7F2A377FCC0057CC86 /* AlertModel.swift in Sources */,
				24F2F91829C3A01800B0D895 /* GridView.swift in Sources */,
				2450737B2A8258490074416D /* StorageService.swift in Sources */,
				24F2F90B29C3955800B0D895 /* GameView.swift in Sources */,
				24A81E712A3A2875005FD85D /* HeadButtonsView.swift in Sources */,
				24A81E752A3A2A9D005FD85D /* GameBoardView.swift in Sources */,
				24F2F91629C39CCD00B0D895 /* CrossCustomView.swift in Sources */,
				24A81E802A3A38A3005FD85D /* AlertContext.swift in Sources */,
				241C59CB29C3873F00F744A1 /* TicTacToeAppApp.swift in Sources */,
				245E134B2A37BD6200C4B58B /* Resources.swift in Sources */,
				24A81E792A3A2FCD005FD85D /* WinRatesView.swift in Sources */,
				248999BA29C4DA2200DBE791 /* EmptyCellView.swift in Sources */,
				24D9864F29CA118700F75393 /* StartModel.swift in Sources */,
			);
			runOnlyForDeploymentPostprocessing = 0;
		};
/* End PBXSourcesBuildPhase section */

/* Begin PBXVariantGroup section */
		245073832A826F730074416D /* Localizable.strings */ = {
			isa = PBXVariantGroup;
			children = (
				245073822A826F730074416D /* en */,
				245073842A826F770074416D /* ru */,
			);
			name = Localizable.strings;
			sourceTree = "<group>";
		};
/* End PBXVariantGroup section */

/* Begin XCBuildConfiguration section */
		241C59D329C3874000F744A1 /* Debug */ = {
			isa = XCBuildConfiguration;
			buildSettings = {
				ALWAYS_SEARCH_USER_PATHS = NO;
				CLANG_ANALYZER_NONNULL = YES;
				CLANG_ANALYZER_NUMBER_OBJECT_CONVERSION = YES_AGGRESSIVE;
				CLANG_CXX_LANGUAGE_STANDARD = "gnu++20";
				CLANG_ENABLE_MODULES = YES;
				CLANG_ENABLE_OBJC_ARC = YES;
				CLANG_ENABLE_OBJC_WEAK = YES;
				CLANG_WARN_BLOCK_CAPTURE_AUTORELEASING = YES;
				CLANG_WARN_BOOL_CONVERSION = YES;
				CLANG_WARN_COMMA = YES;
				CLANG_WARN_CONSTANT_CONVERSION = YES;
				CLANG_WARN_DEPRECATED_OBJC_IMPLEMENTATIONS = YES;
				CLANG_WARN_DIRECT_OBJC_ISA_USAGE = YES_ERROR;
				CLANG_WARN_DOCUMENTATION_COMMENTS = YES;
				CLANG_WARN_EMPTY_BODY = YES;
				CLANG_WARN_ENUM_CONVERSION = YES;
				CLANG_WARN_INFINITE_RECURSION = YES;
				CLANG_WARN_INT_CONVERSION = YES;
				CLANG_WARN_NON_LITERAL_NULL_CONVERSION = YES;
				CLANG_WARN_OBJC_IMPLICIT_RETAIN_SELF = YES;
				CLANG_WARN_OBJC_LITERAL_CONVERSION = YES;
				CLANG_WARN_OBJC_ROOT_CLASS = YES_ERROR;
				CLANG_WARN_QUOTED_INCLUDE_IN_FRAMEWORK_HEADER = YES;
				CLANG_WARN_RANGE_LOOP_ANALYSIS = YES;
				CLANG_WARN_STRICT_PROTOTYPES = YES;
				CLANG_WARN_SUSPICIOUS_MOVE = YES;
				CLANG_WARN_UNGUARDED_AVAILABILITY = YES_AGGRESSIVE;
				CLANG_WARN_UNREACHABLE_CODE = YES;
				CLANG_WARN__DUPLICATE_METHOD_MATCH = YES;
				COPY_PHASE_STRIP = NO;
				DEBUG_INFORMATION_FORMAT = dwarf;
				ENABLE_STRICT_OBJC_MSGSEND = YES;
				ENABLE_TESTABILITY = YES;
				GCC_C_LANGUAGE_STANDARD = gnu11;
				GCC_DYNAMIC_NO_PIC = NO;
				GCC_NO_COMMON_BLOCKS = YES;
				GCC_OPTIMIZATION_LEVEL = 0;
				GCC_PREPROCESSOR_DEFINITIONS = (
					"DEBUG=1",
					"$(inherited)",
				);
				GCC_WARN_64_TO_32_BIT_CONVERSION = YES;
				GCC_WARN_ABOUT_RETURN_TYPE = YES_ERROR;
				GCC_WARN_UNDECLARED_SELECTOR = YES;
				GCC_WARN_UNINITIALIZED_AUTOS = YES_AGGRESSIVE;
				GCC_WARN_UNUSED_FUNCTION = YES;
				GCC_WARN_UNUSED_VARIABLE = YES;
				IPHONEOS_DEPLOYMENT_TARGET = 16.2;
				MTL_ENABLE_DEBUG_INFO = INCLUDE_SOURCE;
				MTL_FAST_MATH = YES;
				ONLY_ACTIVE_ARCH = YES;
				SDKROOT = iphoneos;
				SWIFT_ACTIVE_COMPILATION_CONDITIONS = DEBUG;
				SWIFT_OPTIMIZATION_LEVEL = "-Onone";
			};
			name = Debug;
		};
		241C59D429C3874000F744A1 /* Release */ = {
			isa = XCBuildConfiguration;
			buildSettings = {
				ALWAYS_SEARCH_USER_PATHS = NO;
				CLANG_ANALYZER_NONNULL = YES;
				CLANG_ANALYZER_NUMBER_OBJECT_CONVERSION = YES_AGGRESSIVE;
				CLANG_CXX_LANGUAGE_STANDARD = "gnu++20";
				CLANG_ENABLE_MODULES = YES;
				CLANG_ENABLE_OBJC_ARC = YES;
				CLANG_ENABLE_OBJC_WEAK = YES;
				CLANG_WARN_BLOCK_CAPTURE_AUTORELEASING = YES;
				CLANG_WARN_BOOL_CONVERSION = YES;
				CLANG_WARN_COMMA = YES;
				CLANG_WARN_CONSTANT_CONVERSION = YES;
				CLANG_WARN_DEPRECATED_OBJC_IMPLEMENTATIONS = YES;
				CLANG_WARN_DIRECT_OBJC_ISA_USAGE = YES_ERROR;
				CLANG_WARN_DOCUMENTATION_COMMENTS = YES;
				CLANG_WARN_EMPTY_BODY = YES;
				CLANG_WARN_ENUM_CONVERSION = YES;
				CLANG_WARN_INFINITE_RECURSION = YES;
				CLANG_WARN_INT_CONVERSION = YES;
				CLANG_WARN_NON_LITERAL_NULL_CONVERSION = YES;
				CLANG_WARN_OBJC_IMPLICIT_RETAIN_SELF = YES;
				CLANG_WARN_OBJC_LITERAL_CONVERSION = YES;
				CLANG_WARN_OBJC_ROOT_CLASS = YES_ERROR;
				CLANG_WARN_QUOTED_INCLUDE_IN_FRAMEWORK_HEADER = YES;
				CLANG_WARN_RANGE_LOOP_ANALYSIS = YES;
				CLANG_WARN_STRICT_PROTOTYPES = YES;
				CLANG_WARN_SUSPICIOUS_MOVE = YES;
				CLANG_WARN_UNGUARDED_AVAILABILITY = YES_AGGRESSIVE;
				CLANG_WARN_UNREACHABLE_CODE = YES;
				CLANG_WARN__DUPLICATE_METHOD_MATCH = YES;
				COPY_PHASE_STRIP = NO;
				DEBUG_INFORMATION_FORMAT = "dwarf-with-dsym";
				ENABLE_NS_ASSERTIONS = NO;
				ENABLE_STRICT_OBJC_MSGSEND = YES;
				GCC_C_LANGUAGE_STANDARD = gnu11;
				GCC_NO_COMMON_BLOCKS = YES;
				GCC_WARN_64_TO_32_BIT_CONVERSION = YES;
				GCC_WARN_ABOUT_RETURN_TYPE = YES_ERROR;
				GCC_WARN_UNDECLARED_SELECTOR = YES;
				GCC_WARN_UNINITIALIZED_AUTOS = YES_AGGRESSIVE;
				GCC_WARN_UNUSED_FUNCTION = YES;
				GCC_WARN_UNUSED_VARIABLE = YES;
				IPHONEOS_DEPLOYMENT_TARGET = 16.2;
				MTL_ENABLE_DEBUG_INFO = NO;
				MTL_FAST_MATH = YES;
				SDKROOT = iphoneos;
				SWIFT_COMPILATION_MODE = wholemodule;
				SWIFT_OPTIMIZATION_LEVEL = "-O";
				VALIDATE_PRODUCT = YES;
			};
			name = Release;
		};
		241C59D629C3874000F744A1 /* Debug */ = {
			isa = XCBuildConfiguration;
			buildSettings = {
				ASSETCATALOG_COMPILER_APPICON_NAME = AppIcon;
				ASSETCATALOG_COMPILER_GLOBAL_ACCENT_COLOR_NAME = AccentColor;
				CODE_SIGN_STYLE = Automatic;
				CURRENT_PROJECT_VERSION = 1;
				DEVELOPMENT_ASSET_PATHS = "\"TicTacToeApp/Preview Content\"";
				DEVELOPMENT_TEAM = XY95NKW6BH;
				ENABLE_PREVIEWS = YES;
				GENERATE_INFOPLIST_FILE = YES;
				INFOPLIST_FILE = TicTacToeApp/SupportingFiles/Info.plist;
				INFOPLIST_KEY_LSApplicationCategoryType = "public.app-category.puzzle-games";
				INFOPLIST_KEY_UIApplicationSceneManifest_Generation = YES;
				INFOPLIST_KEY_UIApplicationSupportsIndirectInputEvents = YES;
				INFOPLIST_KEY_UILaunchScreen_Generation = YES;
				INFOPLIST_KEY_UISupportedInterfaceOrientations = UIInterfaceOrientationPortrait;
				INFOPLIST_KEY_UISupportedInterfaceOrientations_iPad = "UIInterfaceOrientationPortrait UIInterfaceOrientationPortraitUpsideDown";
				IPHONEOS_DEPLOYMENT_TARGET = 16.0;
				LD_RUNPATH_SEARCH_PATHS = (
					"$(inherited)",
					"@executable_path/Frameworks",
				);
				MARKETING_VERSION = 1.0;
				PRODUCT_BUNDLE_IDENTIFIER = com.2late2bad.TicTacToeApp;
				PRODUCT_NAME = "$(TARGET_NAME)";
				SWIFT_EMIT_LOC_STRINGS = YES;
				SWIFT_VERSION = 5.0;
				TARGETED_DEVICE_FAMILY = "1,2";
			};
			name = Debug;
		};
		241C59D729C3874000F744A1 /* Release */ = {
			isa = XCBuildConfiguration;
			buildSettings = {
				ASSETCATALOG_COMPILER_APPICON_NAME = AppIcon;
				ASSETCATALOG_COMPILER_GLOBAL_ACCENT_COLOR_NAME = AccentColor;
				CODE_SIGN_STYLE = Automatic;
				CURRENT_PROJECT_VERSION = 1;
				DEVELOPMENT_ASSET_PATHS = "\"TicTacToeApp/Preview Content\"";
				DEVELOPMENT_TEAM = XY95NKW6BH;
				ENABLE_PREVIEWS = YES;
				GENERATE_INFOPLIST_FILE = YES;
				INFOPLIST_FILE = TicTacToeApp/SupportingFiles/Info.plist;
				INFOPLIST_KEY_LSApplicationCategoryType = "public.app-category.puzzle-games";
				INFOPLIST_KEY_UIApplicationSceneManifest_Generation = YES;
				INFOPLIST_KEY_UIApplicationSupportsIndirectInputEvents = YES;
				INFOPLIST_KEY_UILaunchScreen_Generation = YES;
				INFOPLIST_KEY_UISupportedInterfaceOrientations = UIInterfaceOrientationPortrait;
				INFOPLIST_KEY_UISupportedInterfaceOrientations_iPad = "UIInterfaceOrientationPortrait UIInterfaceOrientationPortraitUpsideDown";
				IPHONEOS_DEPLOYMENT_TARGET = 16.0;
				LD_RUNPATH_SEARCH_PATHS = (
					"$(inherited)",
					"@executable_path/Frameworks",
				);
				MARKETING_VERSION = 1.0;
				PRODUCT_BUNDLE_IDENTIFIER = com.2late2bad.TicTacToeApp;
				PRODUCT_NAME = "$(TARGET_NAME)";
				SWIFT_EMIT_LOC_STRINGS = YES;
				SWIFT_VERSION = 5.0;
				TARGETED_DEVICE_FAMILY = "1,2";
			};
			name = Release;
		};
/* End XCBuildConfiguration section */

/* Begin XCConfigurationList section */
		241C59C229C3873F00F744A1 /* Build configuration list for PBXProject "TicTacToeApp" */ = {
			isa = XCConfigurationList;
			buildConfigurations = (
				241C59D329C3874000F744A1 /* Debug */,
				241C59D429C3874000F744A1 /* Release */,
			);
			defaultConfigurationIsVisible = 0;
			defaultConfigurationName = Release;
		};
		241C59D529C3874000F744A1 /* Build configuration list for PBXNativeTarget "TicTacToeApp" */ = {
			isa = XCConfigurationList;
			buildConfigurations = (
				241C59D629C3874000F744A1 /* Debug */,
				241C59D729C3874000F744A1 /* Release */,
			);
			defaultConfigurationIsVisible = 0;
			defaultConfigurationName = Release;
		};
/* End XCConfigurationList section */
	};
	rootObject = 241C59BF29C3873F00F744A1 /* Project object */;
}
