// !$*UTF8*$!
{
	archiveVersion = 1;
	classes = {
	};
	objectVersion = 56;
	objects = {

/* Begin PBXBuildFile section */
		241C59CB29C3873F00F744A1 /* TicTacToeAppApp.swift in Sources */ = {isa = PBXBuildFile; fileRef = 241C59CA29C3873F00F744A1 /* TicTacToeAppApp.swift */; };
		241C59CF29C3874000F744A1 /* Assets.xcassets in Resources */ = {isa = PBXBuildFile; fileRef = 241C59CE29C3874000F744A1 /* Assets.xcassets */; };
		241C59D229C3874000F744A1 /* Preview Assets.xcassets in Resources */ = {isa = PBXBuildFile; fileRef = 241C59D129C3874000F744A1 /* Preview Assets.xcassets */; };
		248999BA29C4DA2200DBE791 /* EmptyCellView.swift in Sources */ = {isa = PBXBuildFile; fileRef = 248999B929C4DA2200DBE791 /* EmptyCellView.swift */; };
		248999BC29C4DB0100DBE791 /* PlayerIndicatorView.swift in Sources */ = {isa = PBXBuildFile; fileRef = 248999BB29C4DB0100DBE791 /* PlayerIndicatorView.swift */; };
		248999C129C4EE8500DBE791 /* EndGameAlert.swift in Sources */ = {isa = PBXBuildFile; fileRef = 248999C029C4EE8500DBE791 /* EndGameAlert.swift */; };
		24F2F90B29C3955800B0D895 /* GameView.swift in Sources */ = {isa = PBXBuildFile; fileRef = 24F2F90A29C3955800B0D895 /* GameView.swift */; };
		24F2F90D29C3956300B0D895 /* GameViewModel.swift in Sources */ = {isa = PBXBuildFile; fileRef = 24F2F90C29C3956300B0D895 /* GameViewModel.swift */; };
		24F2F90F29C3956F00B0D895 /* GameModel.swift in Sources */ = {isa = PBXBuildFile; fileRef = 24F2F90E29C3956F00B0D895 /* GameModel.swift */; };
		24F2F91429C39C0700B0D895 /* RhombusShape.swift in Sources */ = {isa = PBXBuildFile; fileRef = 24F2F91329C39C0700B0D895 /* RhombusShape.swift */; };
		24F2F91629C39CCD00B0D895 /* CrossCustomView.swift in Sources */ = {isa = PBXBuildFile; fileRef = 24F2F91529C39CCD00B0D895 /* CrossCustomView.swift */; };
		24F2F91829C3A01800B0D895 /* GridCustomView.swift in Sources */ = {isa = PBXBuildFile; fileRef = 24F2F91729C3A01800B0D895 /* GridCustomView.swift */; };
		24F2F91A29C3AB6800B0D895 /* CircleCustomView.swift in Sources */ = {isa = PBXBuildFile; fileRef = 24F2F91929C3AB6800B0D895 /* CircleCustomView.swift */; };
/* End PBXBuildFile section */

/* Begin PBXFileReference section */
		241C59C729C3873F00F744A1 /* TicTacToeApp.app */ = {isa = PBXFileReference; explicitFileType = wrapper.application; includeInIndex = 0; path = TicTacToeApp.app; sourceTree = BUILT_PRODUCTS_DIR; };
		241C59CA29C3873F00F744A1 /* TicTacToeAppApp.swift */ = {isa = PBXFileReference; lastKnownFileType = sourcecode.swift; path = TicTacToeAppApp.swift; sourceTree = "<group>"; };
		241C59CE29C3874000F744A1 /* Assets.xcassets */ = {isa = PBXFileReference; lastKnownFileType = folder.assetcatalog; path = Assets.xcassets; sourceTree = "<group>"; };
		241C59D129C3874000F744A1 /* Preview Assets.xcassets */ = {isa = PBXFileReference; lastKnownFileType = folder.assetcatalog; path = "Preview Assets.xcassets"; sourceTree = "<group>"; };
		248999B929C4DA2200DBE791 /* EmptyCellView.swift */ = {isa = PBXFileReference; lastKnownFileType = sourcecode.swift; path = EmptyCellView.swift; sourceTree = "<group>"; };
		248999BB29C4DB0100DBE791 /* PlayerIndicatorView.swift */ = {isa = PBXFileReference; lastKnownFileType = sourcecode.swift; path = PlayerIndicatorView.swift; sourceTree = "<group>"; };
		248999BD29C4EA1E00DBE791 /* Info.plist */ = {isa = PBXFileReference; lastKnownFileType = text.plist.xml; path = Info.plist; sourceTree = "<group>"; };
		248999C029C4EE8500DBE791 /* EndGameAlert.swift */ = {isa = PBXFileReference; lastKnownFileType = sourcecode.swift; path = EndGameAlert.swift; sourceTree = "<group>"; };
		24F2F90A29C3955800B0D895 /* GameView.swift */ = {isa = PBXFileReference; lastKnownFileType = sourcecode.swift; path = GameView.swift; sourceTree = "<group>"; };
		24F2F90C29C3956300B0D895 /* GameViewModel.swift */ = {isa = PBXFileReference; lastKnownFileType = sourcecode.swift; path = GameViewModel.swift; sourceTree = "<group>"; };
		24F2F90E29C3956F00B0D895 /* GameModel.swift */ = {isa = PBXFileReference; lastKnownFileType = sourcecode.swift; path = GameModel.swift; sourceTree = "<group>"; };
		24F2F91329C39C0700B0D895 /* RhombusShape.swift */ = {isa = PBXFileReference; lastKnownFileType = sourcecode.swift; path = RhombusShape.swift; sourceTree = "<group>"; };
		24F2F91529C39CCD00B0D895 /* CrossCustomView.swift */ = {isa = PBXFileReference; lastKnownFileType = sourcecode.swift; path = CrossCustomView.swift; sourceTree = "<group>"; };
		24F2F91729C3A01800B0D895 /* GridCustomView.swift */ = {isa = PBXFileReference; lastKnownFileType = sourcecode.swift; path = GridCustomView.swift; sourceTree = "<group>"; };
		24F2F91929C3AB6800B0D895 /* CircleCustomView.swift */ = {isa = PBXFileReference; lastKnownFileType = sourcecode.swift; path = CircleCustomView.swift; sourceTree = "<group>"; };
/* End PBXFileReference section */

/* Begin PBXFrameworksBuildPhase section */
		241C59C429C3873F00F744A1 /* Frameworks */ = {
			isa = PBXFrameworksBuildPhase;
			buildActionMask = 2147483647;
			files = (
			);
			runOnlyForDeploymentPostprocessing = 0;
		};
/* End PBXFrameworksBuildPhase section */

/* Begin PBXGroup section */
		241C59BE29C3873F00F744A1 = {
			isa = PBXGroup;
			children = (
				241C59C929C3873F00F744A1 /* TicTacToeApp */,
				241C59C829C3873F00F744A1 /* Products */,
			);
			sourceTree = "<group>";
		};
		241C59C829C3873F00F744A1 /* Products */ = {
			isa = PBXGroup;
			children = (
				241C59C729C3873F00F744A1 /* TicTacToeApp.app */,
			);
			name = Products;
			sourceTree = "<group>";
		};
		241C59C929C3873F00F744A1 /* TicTacToeApp */ = {
			isa = PBXGroup;
			children = (
				241C59CA29C3873F00F744A1 /* TicTacToeAppApp.swift */,
				241C59D829C388E700F744A1 /* GameModule */,
				248999BF29C4EE3700DBE791 /* Alerts */,
				24F2F91029C39A7900B0D895 /* Custom */,
				248999BE29C4EA8900DBE791 /* SupportingFiles */,
				241C59D029C3874000F744A1 /* Preview Content */,
			);
			path = TicTacToeApp;
			sourceTree = "<group>";
		};
		241C59D029C3874000F744A1 /* Preview Content */ = {
			isa = PBXGroup;
			children = (
				241C59D129C3874000F744A1 /* Preview Assets.xcassets */,
			);
			path = "Preview Content";
			sourceTree = "<group>";
		};
		241C59D829C388E700F744A1 /* GameModule */ = {
			isa = PBXGroup;
			children = (
				24F2F90E29C3956F00B0D895 /* GameModel.swift */,
				24F2F90C29C3956300B0D895 /* GameViewModel.swift */,
				24F2F90A29C3955800B0D895 /* GameView.swift */,
			);
			path = GameModule;
			sourceTree = "<group>";
		};
		248999BE29C4EA8900DBE791 /* SupportingFiles */ = {
			isa = PBXGroup;
			children = (
				241C59CE29C3874000F744A1 /* Assets.xcassets */,
				248999BD29C4EA1E00DBE791 /* Info.plist */,
			);
			path = SupportingFiles;
			sourceTree = "<group>";
		};
		248999BF29C4EE3700DBE791 /* Alerts */ = {
			isa = PBXGroup;
			children = (
				248999C029C4EE8500DBE791 /* EndGameAlert.swift */,
			);
			path = Alerts;
			sourceTree = "<group>";
		};
		24F2F91029C39A7900B0D895 /* Custom */ = {
			isa = PBXGroup;
			children = (
				24F2F91129C39BB600B0D895 /* Views */,
				24F2F91229C39BE700B0D895 /* Shapes */,
			);
			path = Custom;
			sourceTree = "<group>";
		};
		24F2F91129C39BB600B0D895 /* Views */ = {
			isa = PBXGroup;
			children = (
				24F2F91729C3A01800B0D895 /* GridCustomView.swift */,
				24F2F91529C39CCD00B0D895 /* CrossCustomView.swift */,
				24F2F91929C3AB6800B0D895 /* CircleCustomView.swift */,
				248999B929C4DA2200DBE791 /* EmptyCellView.swift */,
				248999BB29C4DB0100DBE791 /* PlayerIndicatorView.swift */,
			);
			path = Views;
			sourceTree = "<group>";
		};
		24F2F91229C39BE700B0D895 /* Shapes */ = {
			isa = PBXGroup;
			children = (
				24F2F91329C39C0700B0D895 /* RhombusShape.swift */,
			);
			path = Shapes;
			sourceTree = "<group>";
		};
/* End PBXGroup section */

/* Begin PBXNativeTarget section */
		241C59C629C3873F00F744A1 /* TicTacToeApp */ = {
			isa = PBXNativeTarget;
			buildConfigurationList = 241C59D529C3874000F744A1 /* Build configuration list for PBXNativeTarget "TicTacToeApp" */;
			buildPhases = (
				241C59C329C3873F00F744A1 /* Sources */,
				241C59C429C3873F00F744A1 /* Frameworks */,
				241C59C529C3873F00F744A1 /* Resources */,
			);
			buildRules = (
			);
			dependencies = (
			);
			name = TicTacToeApp;
			productName = TicTacToeApp;
			productReference = 241C59C729C3873F00F744A1 /* TicTacToeApp.app */;
			productType = "com.apple.product-type.application";
		};
/* End PBXNativeTarget section */

/* Begin PBXProject section */
		241C59BF29C3873F00F744A1 /* Project object */ = {
			isa = PBXProject;
			attributes = {
				BuildIndependentTargetsInParallel = 1;
				LastSwiftUpdateCheck = 1420;
				LastUpgradeCheck = 1420;
				TargetAttributes = {
					241C59C629C3873F00F744A1 = {
						CreatedOnToolsVersion = 14.2;
					};
				};
			};
			buildConfigurationList = 241C59C229C3873F00F744A1 /* Build configuration list for PBXProject "TicTacToeApp" */;
			compatibilityVersion = "Xcode 14.0";
			developmentRegion = en;
			hasScannedForEncodings = 0;
			knownRegions = (
				en,
				Base,
			);
			mainGroup = 241C59BE29C3873F00F744A1;
			productRefGroup = 241C59C829C3873F00F744A1 /* Products */;
			projectDirPath = "";
			projectRoot = "";
			targets = (
				241C59C629C3873F00F744A1 /* TicTacToeApp */,
			);
		};
/* End PBXProject section */

/* Begin PBXResourcesBuildPhase section */
		241C59C529C3873F00F744A1 /* Resources */ = {
			isa = PBXResourcesBuildPhase;
			buildActionMask = 2147483647;
			files = (
				241C59D229C3874000F744A1 /* Preview Assets.xcassets in Resources */,
				241C59CF29C3874000F744A1 /* Assets.xcassets in Resources */,
			);
			runOnlyForDeploymentPostprocessing = 0;
		};
/* End PBXResourcesBuildPhase section */

/* Begin PBXSourcesBuildPhase section */
		241C59C329C3873F00F744A1 /* Sources */ = {
			isa = PBXSourcesBuildPhase;
			buildActionMask = 2147483647;
			files = (
				248999C129C4EE8500DBE791 /* EndGameAlert.swift in Sources */,
				24F2F91A29C3AB6800B0D895 /* CircleCustomView.swift in Sources */,
				24F2F90F29C3956F00B0D895 /* GameModel.swift in Sources */,
				24F2F90D29C3956300B0D895 /* GameViewModel.swift in Sources */,
				248999BC29C4DB0100DBE791 /* PlayerIndicatorView.swift in Sources */,
				24F2F91429C39C0700B0D895 /* RhombusShape.swift in Sources */,
				24F2F91829C3A01800B0D895 /* GridCustomView.swift in Sources */,
				24F2F90B29C3955800B0D895 /* GameView.swift in Sources */,
				24F2F91629C39CCD00B0D895 /* CrossCustomView.swift in Sources */,
				241C59CB29C3873F00F744A1 /* TicTacToeAppApp.swift in Sources */,
				248999BA29C4DA2200DBE791 /* EmptyCellView.swift in Sources */,
			);
			runOnlyForDeploymentPostprocessing = 0;
		};
/* End PBXSourcesBuildPhase section */

/* Begin XCBuildConfiguration section */
		241C59D329C3874000F744A1 /* Debug */ = {
			isa = XCBuildConfiguration;
			buildSettings = {
				ALWAYS_SEARCH_USER_PATHS = NO;
				CLANG_ANALYZER_NONNULL = YES;
				CLANG_ANALYZER_NUMBER_OBJECT_CONVERSION = YES_AGGRESSIVE;
				CLANG_CXX_LANGUAGE_STANDARD = "gnu++20";
				CLANG_ENABLE_MODULES = YES;
				CLANG_ENABLE_OBJC_ARC = YES;
				CLANG_ENABLE_OBJC_WEAK = YES;
				CLANG_WARN_BLOCK_CAPTURE_AUTORELEASING = YES;
				CLANG_WARN_BOOL_CONVERSION = YES;
				CLANG_WARN_COMMA = YES;
				CLANG_WARN_CONSTANT_CONVERSION = YES;
				CLANG_WARN_DEPRECATED_OBJC_IMPLEMENTATIONS = YES;
				CLANG_WARN_DIRECT_OBJC_ISA_USAGE = YES_ERROR;
				CLANG_WARN_DOCUMENTATION_COMMENTS = YES;
				CLANG_WARN_EMPTY_BODY = YES;
				CLANG_WARN_ENUM_CONVERSION = YES;
				CLANG_WARN_INFINITE_RECURSION = YES;
				CLANG_WARN_INT_CONVERSION = YES;
				CLANG_WARN_NON_LITERAL_NULL_CONVERSION = YES;
				CLANG_WARN_OBJC_IMPLICIT_RETAIN_SELF = YES;
				CLANG_WARN_OBJC_LITERAL_CONVERSION = YES;
				CLANG_WARN_OBJC_ROOT_CLASS = YES_ERROR;
				CLANG_WARN_QUOTED_INCLUDE_IN_FRAMEWORK_HEADER = YES;
				CLANG_WARN_RANGE_LOOP_ANALYSIS = YES;
				CLANG_WARN_STRICT_PROTOTYPES = YES;
				CLANG_WARN_SUSPICIOUS_MOVE = YES;
				CLANG_WARN_UNGUARDED_AVAILABILITY = YES_AGGRESSIVE;
				CLANG_WARN_UNREACHABLE_CODE = YES;
				CLANG_WARN__DUPLICATE_METHOD_MATCH = YES;
				COPY_PHASE_STRIP = NO;
				DEBUG_INFORMATION_FORMAT = dwarf;
				ENABLE_STRICT_OBJC_MSGSEND = YES;
				ENABLE_TESTABILITY = YES;
				GCC_C_LANGUAGE_STANDARD = gnu11;
				GCC_DYNAMIC_NO_PIC = NO;
				GCC_NO_COMMON_BLOCKS = YES;
				GCC_OPTIMIZATION_LEVEL = 0;
				GCC_PREPROCESSOR_DEFINITIONS = (
					"DEBUG=1",
					"$(inherited)",
				);
				GCC_WARN_64_TO_32_BIT_CONVERSION = YES;
				GCC_WARN_ABOUT_RETURN_TYPE = YES_ERROR;
				GCC_WARN_UNDECLARED_SELECTOR = YES;
				GCC_WARN_UNINITIALIZED_AUTOS = YES_AGGRESSIVE;
				GCC_WARN_UNUSED_FUNCTION = YES;
				GCC_WARN_UNUSED_VARIABLE = YES;
				IPHONEOS_DEPLOYMENT_TARGET = 16.2;
				MTL_ENABLE_DEBUG_INFO = INCLUDE_SOURCE;
				MTL_FAST_MATH = YES;
				ONLY_ACTIVE_ARCH = YES;
				SDKROOT = iphoneos;
				SWIFT_ACTIVE_COMPILATION_CONDITIONS = DEBUG;
				SWIFT_OPTIMIZATION_LEVEL = "-Onone";
			};
			name = Debug;
		};
		241C59D429C3874000F744A1 /* Release */ = {
			isa = XCBuildConfiguration;
			buildSettings = {
				ALWAYS_SEARCH_USER_PATHS = NO;
				CLANG_ANALYZER_NONNULL = YES;
				CLANG_ANALYZER_NUMBER_OBJECT_CONVERSION = YES_AGGRESSIVE;
				CLANG_CXX_LANGUAGE_STANDARD = "gnu++20";
				CLANG_ENABLE_MODULES = YES;
				CLANG_ENABLE_OBJC_ARC = YES;
				CLANG_ENABLE_OBJC_WEAK = YES;
				CLANG_WARN_BLOCK_CAPTURE_AUTORELEASING = YES;
				CLANG_WARN_BOOL_CONVERSION = YES;
				CLANG_WARN_COMMA = YES;
				CLANG_WARN_CONSTANT_CONVERSION = YES;
				CLANG_WARN_DEPRECATED_OBJC_IMPLEMENTATIONS = YES;
				CLANG_WARN_DIRECT_OBJC_ISA_USAGE = YES_ERROR;
				CLANG_WARN_DOCUMENTATION_COMMENTS = YES;
				CLANG_WARN_EMPTY_BODY = YES;
				CLANG_WARN_ENUM_CONVERSION = YES;
				CLANG_WARN_INFINITE_RECURSION = YES;
				CLANG_WARN_INT_CONVERSION = YES;
				CLANG_WARN_NON_LITERAL_NULL_CONVERSION = YES;
				CLANG_WARN_OBJC_IMPLICIT_RETAIN_SELF = YES;
				CLANG_WARN_OBJC_LITERAL_CONVERSION = YES;
				CLANG_WARN_OBJC_ROOT_CLASS = YES_ERROR;
				CLANG_WARN_QUOTED_INCLUDE_IN_FRAMEWORK_HEADER = YES;
				CLANG_WARN_RANGE_LOOP_ANALYSIS = YES;
				CLANG_WARN_STRICT_PROTOTYPES = YES;
				CLANG_WARN_SUSPICIOUS_MOVE = YES;
				CLANG_WARN_UNGUARDED_AVAILABILITY = YES_AGGRESSIVE;
				CLANG_WARN_UNREACHABLE_CODE = YES;
				CLANG_WARN__DUPLICATE_METHOD_MATCH = YES;
				COPY_PHASE_STRIP = NO;
				DEBUG_INFORMATION_FORMAT = "dwarf-with-dsym";
				ENABLE_NS_ASSERTIONS = NO;
				ENABLE_STRICT_OBJC_MSGSEND = YES;
				GCC_C_LANGUAGE_STANDARD = gnu11;
				GCC_NO_COMMON_BLOCKS = YES;
				GCC_WARN_64_TO_32_BIT_CONVERSION = YES;
				GCC_WARN_ABOUT_RETURN_TYPE = YES_ERROR;
				GCC_WARN_UNDECLARED_SELECTOR = YES;
				GCC_WARN_UNINITIALIZED_AUTOS = YES_AGGRESSIVE;
				GCC_WARN_UNUSED_FUNCTION = YES;
				GCC_WARN_UNUSED_VARIABLE = YES;
				IPHONEOS_DEPLOYMENT_TARGET = 16.2;
				MTL_ENABLE_DEBUG_INFO = NO;
				MTL_FAST_MATH = YES;
				SDKROOT = iphoneos;
				SWIFT_COMPILATION_MODE = wholemodule;
				SWIFT_OPTIMIZATION_LEVEL = "-O";
				VALIDATE_PRODUCT = YES;
			};
			name = Release;
		};
		241C59D629C3874000F744A1 /* Debug */ = {
			isa = XCBuildConfiguration;
			buildSettings = {
				ASSETCATALOG_COMPILER_APPICON_NAME = AppIcon;
				ASSETCATALOG_COMPILER_GLOBAL_ACCENT_COLOR_NAME = AccentColor;
				CODE_SIGN_STYLE = Automatic;
				CURRENT_PROJECT_VERSION = 1;
				DEVELOPMENT_ASSET_PATHS = "\"TicTacToeApp/Preview Content\"";
				DEVELOPMENT_TEAM = XY95NKW6BH;
				ENABLE_PREVIEWS = YES;
				GENERATE_INFOPLIST_FILE = YES;
				INFOPLIST_FILE = TicTacToeApp/SupportingFiles/Info.plist;
				INFOPLIST_KEY_LSApplicationCategoryType = "public.app-category.puzzle-games";
				INFOPLIST_KEY_UIApplicationSupportsIndirectInputEvents = YES;
				INFOPLIST_KEY_UILaunchScreen_Generation = YES;
				INFOPLIST_KEY_UISupportedInterfaceOrientations = UIInterfaceOrientationPortrait;
				INFOPLIST_KEY_UISupportedInterfaceOrientations_iPad = "UIInterfaceOrientationPortrait UIInterfaceOrientationPortraitUpsideDown";
				IPHONEOS_DEPLOYMENT_TARGET = 15.0;
				LD_RUNPATH_SEARCH_PATHS = (
					"$(inherited)",
					"@executable_path/Frameworks",
				);
				MARKETING_VERSION = 1.0;
				PRODUCT_BUNDLE_IDENTIFIER = com.2late2bad.TicTacToeApp;
				PRODUCT_NAME = "$(TARGET_NAME)";
				SWIFT_EMIT_LOC_STRINGS = YES;
				SWIFT_VERSION = 5.0;
				TARGETED_DEVICE_FAMILY = "1,2";
			};
			name = Debug;
		};
		241C59D729C3874000F744A1 /* Release */ = {
			isa = XCBuildConfiguration;
			buildSettings = {
				ASSETCATALOG_COMPILER_APPICON_NAME = AppIcon;
				ASSETCATALOG_COMPILER_GLOBAL_ACCENT_COLOR_NAME = AccentColor;
				CODE_SIGN_STYLE = Automatic;
				CURRENT_PROJECT_VERSION = 1;
				DEVELOPMENT_ASSET_PATHS = "\"TicTacToeApp/Preview Content\"";
				DEVELOPMENT_TEAM = XY95NKW6BH;
				ENABLE_PREVIEWS = YES;
				GENERATE_INFOPLIST_FILE = YES;
				INFOPLIST_FILE = TicTacToeApp/SupportingFiles/Info.plist;
				INFOPLIST_KEY_LSApplicationCategoryType = "public.app-category.puzzle-games";
				INFOPLIST_KEY_UIApplicationSupportsIndirectInputEvents = YES;
				INFOPLIST_KEY_UILaunchScreen_Generation = YES;
				INFOPLIST_KEY_UISupportedInterfaceOrientations = UIInterfaceOrientationPortrait;
				INFOPLIST_KEY_UISupportedInterfaceOrientations_iPad = "UIInterfaceOrientationPortrait UIInterfaceOrientationPortraitUpsideDown";
				IPHONEOS_DEPLOYMENT_TARGET = 15.0;
				LD_RUNPATH_SEARCH_PATHS = (
					"$(inherited)",
					"@executable_path/Frameworks",
				);
				MARKETING_VERSION = 1.0;
				PRODUCT_BUNDLE_IDENTIFIER = com.2late2bad.TicTacToeApp;
				PRODUCT_NAME = "$(TARGET_NAME)";
				SWIFT_EMIT_LOC_STRINGS = YES;
				SWIFT_VERSION = 5.0;
				TARGETED_DEVICE_FAMILY = "1,2";
			};
			name = Release;
		};
/* End XCBuildConfiguration section */

/* Begin XCConfigurationList section */
		241C59C229C3873F00F744A1 /* Build configuration list for PBXProject "TicTacToeApp" */ = {
			isa = XCConfigurationList;
			buildConfigurations = (
				241C59D329C3874000F744A1 /* Debug */,
				241C59D429C3874000F744A1 /* Release */,
			);
			defaultConfigurationIsVisible = 0;
			defaultConfigurationName = Release;
		};
		241C59D529C3874000F744A1 /* Build configuration list for PBXNativeTarget "TicTacToeApp" */ = {
			isa = XCConfigurationList;
			buildConfigurations = (
				241C59D629C3874000F744A1 /* Debug */,
				241C59D729C3874000F744A1 /* Release */,
			);
			defaultConfigurationIsVisible = 0;
			defaultConfigurationName = Release;
		};
/* End XCConfigurationList section */
	};
	rootObject = 241C59BF29C3873F00F744A1 /* Project object */;
}
